
Microsoft Visual Studio Solution File, Format Version 12.00
# Visual Studio Version 17
VisualStudioVersion = 17.2.32616.157
MinimumVisualStudioVersion = 10.0.40219.1
Project("{FAE04EC0-301F-11D3-BF4B-00C04F79EFBC}") = "Task01_EmployeeDirectory", "Task01_EmployeeDirectory\Task01_EmployeeDirectory.csproj", "{B52CA411-4189-4055-A40A-3F0A0404D14F}"
EndProject
Global
	GlobalSection(SolutionConfigurationPlatforms) = preSolution
		Debug|Any CPU = Debug|Any CPU
		Release|Any CPU = Release|Any CPU
	EndGlobalSection
	GlobalSection(ProjectConfigurationPlatforms) = postSolution
		{B52CA411-4189-4055-A40A-3F0A0404D14F}.Debug|Any CPU.ActiveCfg = Debug|Any CPU
		{B52CA411-4189-4055-A40A-3F0A0404D14F}.Debug|Any CPU.Build.0 = Debug|Any CPU
		{B52CA411-4189-4055-A40A-3F0A0404D14F}.Release|Any CPU.ActiveCfg = Release|Any CPU
		{B52CA411-4189-4055-A40A-3F0A0404D14F}.Release|Any CPU.Build.0 = Release|Any CPU
	EndGlobalSection
	GlobalSection(SolutionProperties) = preSolution
		HideSolutionNode = FALSE
	EndGlobalSection
	GlobalSection(ExtensibilityGlobals) = postSolution
		SolutionGuid = {A7251B43-2B96-4A21-8EF4-6714C92A67CB}
	EndGlobalSection
EndGlobal
